
Microsoft Visual Studio Solution File, Format Version 12.00
# Visual Studio Version 16
VisualStudioVersion = 16.0.30309.148
MinimumVisualStudioVersion = 10.0.40219.1
Project("{9A19103F-16F7-4668-BE54-9A1E7A4F7556}") = "WindNight.Core", "WindNight.Core\WindNight.Core.csproj", "{0398E4C6-F1F3-40BE-B688-38FAF9992970}"
EndProject
Project("{9A19103F-16F7-4668-BE54-9A1E7A4F7556}") = "WindNight.Config", "WindNight.Config\WindNight.Config.csproj", "{D47FBFBB-C595-45EE-BCC4-35E280952564}"
EndProject
Project("{9A19103F-16F7-4668-BE54-9A1E7A4F7556}") = "WindNight.Extension", "WindNight.Extension\WindNight.Extension.csproj", "{81123567-E0DD-47B4-9AD6-7BDFCBE6F13E}"
EndProject
Project("{2150E333-8FDC-42A3-9474-1A3956D46DE8}") = "examples", "examples", "{A5436B16-87A0-4212-A732-E2AA0DE3BB3D}"
EndProject
Project("{9A19103F-16F7-4668-BE54-9A1E7A4F7556}") = "ConsoleExamples_NetCore3_1", "Examples\ConsoleExamples_NetCore3_1\ConsoleExamples_NetCore3_1.csproj", "{59E6325A-7922-4259-AA9A-59CC2869434A}"
EndProject
Project("{9A19103F-16F7-4668-BE54-9A1E7A4F7556}") = "Schedule", "Schedule\Schedule.csproj", "{69544F01-F8AA-488A-939F-1C9E13492DC9}"
EndProject
Project("{9A19103F-16F7-4668-BE54-9A1E7A4F7556}") = "JobDemos", "Examples\JobDemos\JobDemos.csproj", "{C1061384-7187-4E34-9413-18C103899260}"
EndProject
Project("{9A19103F-16F7-4668-BE54-9A1E7A4F7556}") = "WindNight.AspNetCore.Hosting", "WindNight.AspNetCore.Hosting\WindNight.AspNetCore.Hosting.csproj", "{C5C1E1B7-27A0-48B4-B6D0-FD7D8F14429B}"
EndProject
Project("{9A19103F-16F7-4668-BE54-9A1E7A4F7556}") = "WindNight.AspNetCore.Mvc.Extensions", "WindNight.AspNetCore.Mvc.Extensions\WindNight.AspNetCore.Mvc.Extensions.csproj", "{B5F626D1-8CF8-4EF5-B6EF-CCAD7C37D404}"
EndProject
Project("{9A19103F-16F7-4668-BE54-9A1E7A4F7556}") = "MvcDemo_NetCore3_1", "Examples\Tmp\MvcDemo_NetCore3_1\MvcDemo_NetCore3_1.csproj", "{D74568E6-7FC5-4E36-A0A5-32B1F337D03A}"
EndProject
Project("{2150E333-8FDC-42A3-9474-1A3956D46DE8}") = "resource", "resource", "{F13DE86C-E85B-4369-832B-A19E659B01E3}"
	ProjectSection(SolutionItems) = preProject
		..\build\common.props = ..\build\common.props
		..\ReadMe.md = ..\ReadMe.md
		..\build\version.props = ..\build\version.props
	EndProjectSection
EndProject
Project("{9A19103F-16F7-4668-BE54-9A1E7A4F7556}") = "ConsoleExamples_NetCore5", "Examples\ConsoleExamples_NetCore5\ConsoleExamples_NetCore5.csproj", "{DD2A004D-B88E-4A13-AFFE-2234EF5BA362}"
EndProject
Project("{2150E333-8FDC-42A3-9474-1A3956D46DE8}") = "tests", "tests", "{D1583FA4-40F8-43F8-9104-1B41A6EA78B0}"
EndProject
Project("{9A19103F-16F7-4668-BE54-9A1E7A4F7556}") = "WindNight.Core.Tests", "Tests\WindNight.Core.Tests\WindNight.Core.Tests.csproj", "{FBAF80B2-BBA6-4CAA-879A-EA277E5058AE}"
EndProject
Project("{9A19103F-16F7-4668-BE54-9A1E7A4F7556}") = "WindNight.Extension.Tests", "Tests\WindNight.Extension.Tests\WindNight.Extension.Tests.csproj", "{9BCE8064-81FA-4DA5-888A-CD2EE8134CC2}"
EndProject
Project("{9A19103F-16F7-4668-BE54-9A1E7A4F7556}") = "MvcDemo_Net5", "Examples\MvcDemo_Net5\MvcDemo_Net5.csproj", "{66F6C21B-3B03-4CDD-B3A8-53839D8C8880}"
EndProject
Project("{9A19103F-16F7-4668-BE54-9A1E7A4F7556}") = "WindNight.AspNetCore.GRpc.Hosting", "WindNight.AspNetCore.GRpc.Hosting\WindNight.AspNetCore.GRpc.Hosting.csproj", "{4F025988-F222-48D2-AA5A-9943932B8E51}"
EndProject
Project("{2150E333-8FDC-42A3-9474-1A3956D46DE8}") = "extensions", "extensions", "{7834D1E1-1A31-4493-BDCF-CFD31B14C049}"
EndProject
Project("{9A19103F-16F7-4668-BE54-9A1E7A4F7556}") = "WindNight.AspNetCore.GRpc.HttpApi", "extensions\WindNight.AspNetCore.GRpc.HttpApi\WindNight.AspNetCore.GRpc.HttpApi.csproj", "{3F870322-C864-46B2-A957-768C321BCAFF}"
EndProject
Project("{9A19103F-16F7-4668-BE54-9A1E7A4F7556}") = "WindNight.AspNetCore.GRpc.Swagger", "extensions\WindNight.AspNetCore.GRpc.Swagger\WindNight.AspNetCore.GRpc.Swagger.csproj", "{558F116F-A4C5-4889-A620-906609EC9E63}"
EndProject
Project("{9A19103F-16F7-4668-BE54-9A1E7A4F7556}") = "GrpcDemo_Net5", "Examples\GrpcDemo_Net5\GrpcDemo_Net5.csproj", "{CCE3F3CF-52D9-49A8-AB30-5A904CE0EE8C}"
EndProject
Project("{9A19103F-16F7-4668-BE54-9A1E7A4F7556}") = "WindNight.DataSourceTestTool", "WindNight.DataSourceTestTool\WindNight.DataSourceTestTool.csproj", "{23EB0CBC-F92D-4273-9467-AEB80EDFC936}"
EndProject
Project("{2150E333-8FDC-42A3-9474-1A3956D46DE8}") = "tools", "tools", "{0B1D54C0-2992-48D7-BD2C-6088263B3F04}"
EndProject
Project("{2150E333-8FDC-42A3-9474-1A3956D46DE8}") = "Solution Items", "Solution Items", "{CB0A9B88-CADA-46AE-963B-826CD6FC0EAC}"
	ProjectSection(SolutionItems) = preProject
		.editorconfig = .editorconfig
	EndProjectSection
EndProject
Global
	GlobalSection(SolutionConfigurationPlatforms) = preSolution
		Debug|Any CPU = Debug|Any CPU
		Release|Any CPU = Release|Any CPU
	EndGlobalSection
	GlobalSection(ProjectConfigurationPlatforms) = postSolution
		{0398E4C6-F1F3-40BE-B688-38FAF9992970}.Debug|Any CPU.ActiveCfg = Debug|Any CPU
		{0398E4C6-F1F3-40BE-B688-38FAF9992970}.Debug|Any CPU.Build.0 = Debug|Any CPU
		{0398E4C6-F1F3-40BE-B688-38FAF9992970}.Release|Any CPU.ActiveCfg = Release|Any CPU
		{0398E4C6-F1F3-40BE-B688-38FAF9992970}.Release|Any CPU.Build.0 = Release|Any CPU
		{D47FBFBB-C595-45EE-BCC4-35E280952564}.Debug|Any CPU.ActiveCfg = Debug|Any CPU
		{D47FBFBB-C595-45EE-BCC4-35E280952564}.Debug|Any CPU.Build.0 = Debug|Any CPU
		{D47FBFBB-C595-45EE-BCC4-35E280952564}.Release|Any CPU.ActiveCfg = Release|Any CPU
		{D47FBFBB-C595-45EE-BCC4-35E280952564}.Release|Any CPU.Build.0 = Release|Any CPU
		{81123567-E0DD-47B4-9AD6-7BDFCBE6F13E}.Debug|Any CPU.ActiveCfg = Debug|Any CPU
		{81123567-E0DD-47B4-9AD6-7BDFCBE6F13E}.Debug|Any CPU.Build.0 = Debug|Any CPU
		{81123567-E0DD-47B4-9AD6-7BDFCBE6F13E}.Release|Any CPU.ActiveCfg = Release|Any CPU
		{81123567-E0DD-47B4-9AD6-7BDFCBE6F13E}.Release|Any CPU.Build.0 = Release|Any CPU
		{59E6325A-7922-4259-AA9A-59CC2869434A}.Debug|Any CPU.ActiveCfg = Debug|Any CPU
		{59E6325A-7922-4259-AA9A-59CC2869434A}.Debug|Any CPU.Build.0 = Debug|Any CPU
		{59E6325A-7922-4259-AA9A-59CC2869434A}.Release|Any CPU.ActiveCfg = Release|Any CPU
		{59E6325A-7922-4259-AA9A-59CC2869434A}.Release|Any CPU.Build.0 = Release|Any CPU
		{69544F01-F8AA-488A-939F-1C9E13492DC9}.Debug|Any CPU.ActiveCfg = Debug|Any CPU
		{69544F01-F8AA-488A-939F-1C9E13492DC9}.Debug|Any CPU.Build.0 = Debug|Any CPU
		{69544F01-F8AA-488A-939F-1C9E13492DC9}.Release|Any CPU.ActiveCfg = Release|Any CPU
		{69544F01-F8AA-488A-939F-1C9E13492DC9}.Release|Any CPU.Build.0 = Release|Any CPU
		{C1061384-7187-4E34-9413-18C103899260}.Debug|Any CPU.ActiveCfg = Debug|Any CPU
		{C1061384-7187-4E34-9413-18C103899260}.Debug|Any CPU.Build.0 = Debug|Any CPU
		{C1061384-7187-4E34-9413-18C103899260}.Release|Any CPU.ActiveCfg = Release|Any CPU
		{C1061384-7187-4E34-9413-18C103899260}.Release|Any CPU.Build.0 = Release|Any CPU
		{C5C1E1B7-27A0-48B4-B6D0-FD7D8F14429B}.Debug|Any CPU.ActiveCfg = Debug|Any CPU
		{C5C1E1B7-27A0-48B4-B6D0-FD7D8F14429B}.Debug|Any CPU.Build.0 = Debug|Any CPU
		{C5C1E1B7-27A0-48B4-B6D0-FD7D8F14429B}.Release|Any CPU.ActiveCfg = Release|Any CPU
		{C5C1E1B7-27A0-48B4-B6D0-FD7D8F14429B}.Release|Any CPU.Build.0 = Release|Any CPU
		{B5F626D1-8CF8-4EF5-B6EF-CCAD7C37D404}.Debug|Any CPU.ActiveCfg = Debug|Any CPU
		{B5F626D1-8CF8-4EF5-B6EF-CCAD7C37D404}.Debug|Any CPU.Build.0 = Debug|Any CPU
		{B5F626D1-8CF8-4EF5-B6EF-CCAD7C37D404}.Release|Any CPU.ActiveCfg = Release|Any CPU
		{B5F626D1-8CF8-4EF5-B6EF-CCAD7C37D404}.Release|Any CPU.Build.0 = Release|Any CPU
		{D74568E6-7FC5-4E36-A0A5-32B1F337D03A}.Debug|Any CPU.ActiveCfg = Debug|Any CPU
		{D74568E6-7FC5-4E36-A0A5-32B1F337D03A}.Debug|Any CPU.Build.0 = Debug|Any CPU
		{D74568E6-7FC5-4E36-A0A5-32B1F337D03A}.Release|Any CPU.ActiveCfg = Release|Any CPU
		{D74568E6-7FC5-4E36-A0A5-32B1F337D03A}.Release|Any CPU.Build.0 = Release|Any CPU
		{DD2A004D-B88E-4A13-AFFE-2234EF5BA362}.Debug|Any CPU.ActiveCfg = Debug|Any CPU
		{DD2A004D-B88E-4A13-AFFE-2234EF5BA362}.Debug|Any CPU.Build.0 = Debug|Any CPU
		{DD2A004D-B88E-4A13-AFFE-2234EF5BA362}.Release|Any CPU.ActiveCfg = Release|Any CPU
		{DD2A004D-B88E-4A13-AFFE-2234EF5BA362}.Release|Any CPU.Build.0 = Release|Any CPU
		{FBAF80B2-BBA6-4CAA-879A-EA277E5058AE}.Debug|Any CPU.ActiveCfg = Debug|Any CPU
		{FBAF80B2-BBA6-4CAA-879A-EA277E5058AE}.Debug|Any CPU.Build.0 = Debug|Any CPU
		{FBAF80B2-BBA6-4CAA-879A-EA277E5058AE}.Release|Any CPU.ActiveCfg = Release|Any CPU
		{FBAF80B2-BBA6-4CAA-879A-EA277E5058AE}.Release|Any CPU.Build.0 = Release|Any CPU
		{9BCE8064-81FA-4DA5-888A-CD2EE8134CC2}.Debug|Any CPU.ActiveCfg = Debug|Any CPU
		{9BCE8064-81FA-4DA5-888A-CD2EE8134CC2}.Debug|Any CPU.Build.0 = Debug|Any CPU
		{9BCE8064-81FA-4DA5-888A-CD2EE8134CC2}.Release|Any CPU.ActiveCfg = Release|Any CPU
		{9BCE8064-81FA-4DA5-888A-CD2EE8134CC2}.Release|Any CPU.Build.0 = Release|Any CPU
		{66F6C21B-3B03-4CDD-B3A8-53839D8C8880}.Debug|Any CPU.ActiveCfg = Debug|Any CPU
		{66F6C21B-3B03-4CDD-B3A8-53839D8C8880}.Debug|Any CPU.Build.0 = Debug|Any CPU
		{66F6C21B-3B03-4CDD-B3A8-53839D8C8880}.Release|Any CPU.ActiveCfg = Release|Any CPU
		{66F6C21B-3B03-4CDD-B3A8-53839D8C8880}.Release|Any CPU.Build.0 = Release|Any CPU
		{4F025988-F222-48D2-AA5A-9943932B8E51}.Debug|Any CPU.ActiveCfg = Debug|Any CPU
		{4F025988-F222-48D2-AA5A-9943932B8E51}.Debug|Any CPU.Build.0 = Debug|Any CPU
		{4F025988-F222-48D2-AA5A-9943932B8E51}.Release|Any CPU.ActiveCfg = Release|Any CPU
		{4F025988-F222-48D2-AA5A-9943932B8E51}.Release|Any CPU.Build.0 = Release|Any CPU
		{3F870322-C864-46B2-A957-768C321BCAFF}.Debug|Any CPU.ActiveCfg = Debug|Any CPU
		{3F870322-C864-46B2-A957-768C321BCAFF}.Debug|Any CPU.Build.0 = Debug|Any CPU
		{3F870322-C864-46B2-A957-768C321BCAFF}.Release|Any CPU.ActiveCfg = Release|Any CPU
		{3F870322-C864-46B2-A957-768C321BCAFF}.Release|Any CPU.Build.0 = Release|Any CPU
		{558F116F-A4C5-4889-A620-906609EC9E63}.Debug|Any CPU.ActiveCfg = Debug|Any CPU
		{558F116F-A4C5-4889-A620-906609EC9E63}.Debug|Any CPU.Build.0 = Debug|Any CPU
		{558F116F-A4C5-4889-A620-906609EC9E63}.Release|Any CPU.ActiveCfg = Release|Any CPU
		{558F116F-A4C5-4889-A620-906609EC9E63}.Release|Any CPU.Build.0 = Release|Any CPU
		{CCE3F3CF-52D9-49A8-AB30-5A904CE0EE8C}.Debug|Any CPU.ActiveCfg = Debug|Any CPU
		{CCE3F3CF-52D9-49A8-AB30-5A904CE0EE8C}.Debug|Any CPU.Build.0 = Debug|Any CPU
		{CCE3F3CF-52D9-49A8-AB30-5A904CE0EE8C}.Release|Any CPU.ActiveCfg = Release|Any CPU
		{CCE3F3CF-52D9-49A8-AB30-5A904CE0EE8C}.Release|Any CPU.Build.0 = Release|Any CPU
		{23EB0CBC-F92D-4273-9467-AEB80EDFC936}.Debug|Any CPU.ActiveCfg = Debug|Any CPU
		{23EB0CBC-F92D-4273-9467-AEB80EDFC936}.Debug|Any CPU.Build.0 = Debug|Any CPU
		{23EB0CBC-F92D-4273-9467-AEB80EDFC936}.Release|Any CPU.ActiveCfg = Release|Any CPU
		{23EB0CBC-F92D-4273-9467-AEB80EDFC936}.Release|Any CPU.Build.0 = Release|Any CPU
	EndGlobalSection
	GlobalSection(SolutionProperties) = preSolution
		HideSolutionNode = FALSE
	EndGlobalSection
	GlobalSection(NestedProjects) = preSolution
		{59E6325A-7922-4259-AA9A-59CC2869434A} = {A5436B16-87A0-4212-A732-E2AA0DE3BB3D}
		{C1061384-7187-4E34-9413-18C103899260} = {A5436B16-87A0-4212-A732-E2AA0DE3BB3D}
		{D74568E6-7FC5-4E36-A0A5-32B1F337D03A} = {A5436B16-87A0-4212-A732-E2AA0DE3BB3D}
		{DD2A004D-B88E-4A13-AFFE-2234EF5BA362} = {A5436B16-87A0-4212-A732-E2AA0DE3BB3D}
		{FBAF80B2-BBA6-4CAA-879A-EA277E5058AE} = {D1583FA4-40F8-43F8-9104-1B41A6EA78B0}
		{9BCE8064-81FA-4DA5-888A-CD2EE8134CC2} = {D1583FA4-40F8-43F8-9104-1B41A6EA78B0}
		{66F6C21B-3B03-4CDD-B3A8-53839D8C8880} = {A5436B16-87A0-4212-A732-E2AA0DE3BB3D}
		{3F870322-C864-46B2-A957-768C321BCAFF} = {7834D1E1-1A31-4493-BDCF-CFD31B14C049}
		{558F116F-A4C5-4889-A620-906609EC9E63} = {7834D1E1-1A31-4493-BDCF-CFD31B14C049}
		{CCE3F3CF-52D9-49A8-AB30-5A904CE0EE8C} = {A5436B16-87A0-4212-A732-E2AA0DE3BB3D}
		{23EB0CBC-F92D-4273-9467-AEB80EDFC936} = {0B1D54C0-2992-48D7-BD2C-6088263B3F04}
	EndGlobalSection
	GlobalSection(ExtensibilityGlobals) = postSolution
		SolutionGuid = {4D07DFE6-71BA-4D72-AF00-A6D57FAE38EB}
	EndGlobalSection
EndGlobal
